// !$*UTF8*$!
{
	archiveVersion = 1;
	classes = {
	};
	objectVersion = 50;
	objects = {

/* Begin PBXBuildFile section */
		020777F522571232001BE30A /* FindLocationTableViewCell.swift in Sources */ = {isa = PBXBuildFile; fileRef = 020777F422571232001BE30A /* FindLocationTableViewCell.swift */; };
		020777F72257126E001BE30A /* FindLocationTableViewController.swift in Sources */ = {isa = PBXBuildFile; fileRef = 020777F62257126E001BE30A /* FindLocationTableViewController.swift */; };
		022022EF225237C600856352 /* AccountCreateViewController.swift in Sources */ = {isa = PBXBuildFile; fileRef = 022022EE225237C600856352 /* AccountCreateViewController.swift */; };
		022022F12252390900856352 /* facebook_logo.png in Resources */ = {isa = PBXBuildFile; fileRef = 022022F02252390900856352 /* facebook_logo.png */; };
		022022F32252391300856352 /* 375.png in Resources */ = {isa = PBXBuildFile; fileRef = 022022F22252391200856352 /* 375.png */; };
		02627CE7225E38D4006CC749 /* FindLocationViewController.swift in Sources */ = {isa = PBXBuildFile; fileRef = 02627CE6225E38D4006CC749 /* FindLocationViewController.swift */; };
		027A64D42252F5A8002476D4 /* AppDelegate.swift in Sources */ = {isa = PBXBuildFile; fileRef = 027A64D32252F5A8002476D4 /* AppDelegate.swift */; };
		027DFC1122327F1F00E9E097 /* MapViewController.swift in Sources */ = {isa = PBXBuildFile; fileRef = 027DFC1022327F1F00E9E097 /* MapViewController.swift */; };
		0283E997225B916E00F491B4 /* LandMarkImagesTableViewController.swift in Sources */ = {isa = PBXBuildFile; fileRef = 0283E996225B916E00F491B4 /* LandMarkImagesTableViewController.swift */; };
		0283E999225B918400F491B4 /* LandMarkImagesTableViewCell.swift in Sources */ = {isa = PBXBuildFile; fileRef = 0283E998225B918400F491B4 /* LandMarkImagesTableViewCell.swift */; };
		0283E99B225B924700F491B4 /* LandMarkImagesCollectionViewCell.swift in Sources */ = {isa = PBXBuildFile; fileRef = 0283E99A225B924700F491B4 /* LandMarkImagesCollectionViewCell.swift */; };
		0283E99D225B93BF00F491B4 /* LandMarkDetailViewController.swift in Sources */ = {isa = PBXBuildFile; fileRef = 0283E99C225B93BF00F491B4 /* LandMarkDetailViewController.swift */; };
		028DDF35225441BF006DD7EB /* CameraViewController.swift in Sources */ = {isa = PBXBuildFile; fileRef = 028DDF34225441BF006DD7EB /* CameraViewController.swift */; };
		028DDF37225441DE006DD7EB /* CreateLocationViewController.swift in Sources */ = {isa = PBXBuildFile; fileRef = 028DDF36225441DE006DD7EB /* CreateLocationViewController.swift */; };
		028DDF39225441FF006DD7EB /* NearLocationTableViewController.swift in Sources */ = {isa = PBXBuildFile; fileRef = 028DDF38225441FF006DD7EB /* NearLocationTableViewController.swift */; };
		028DDF3B22544219006DD7EB /* NearLocationTableViewCell.swift in Sources */ = {isa = PBXBuildFile; fileRef = 028DDF3A22544219006DD7EB /* NearLocationTableViewCell.swift */; };
		028DDF3D22544266006DD7EB /* CameraImage.swift in Sources */ = {isa = PBXBuildFile; fileRef = 028DDF3C22544266006DD7EB /* CameraImage.swift */; };
		028DDF3F22544277006DD7EB /* LandMark.swift in Sources */ = {isa = PBXBuildFile; fileRef = 028DDF3E22544277006DD7EB /* LandMark.swift */; };
		0783AF48225C6BE200677526 /* Record.swift in Sources */ = {isa = PBXBuildFile; fileRef = 0783AF47225C6BE200677526 /* Record.swift */; };
		0783AF4A225C6CA200677526 /* PersonalCollectionTVCell.swift in Sources */ = {isa = PBXBuildFile; fileRef = 0783AF49225C6CA200677526 /* PersonalCollectionTVCell.swift */; };
		0783AF4C225C6CC400677526 /* Collect.swift in Sources */ = {isa = PBXBuildFile; fileRef = 0783AF4B225C6CC400677526 /* Collect.swift */; };
		523BD923965BC87BE8613FBD /* Pods_FootPrintIOS.framework in Frameworks */ = {isa = PBXBuildFile; fileRef = 46B091C17AA193086CA73D36 /* Pods_FootPrintIOS.framework */; };
		AF0BD166222D1796006FC80A /* AppDelegate.swift in Sources */ = {isa = PBXBuildFile; fileRef = AF0BD165222D1796006FC80A /* AppDelegate.swift */; };
		AF0BD168222D1796006FC80A /* ViewController.swift in Sources */ = {isa = PBXBuildFile; fileRef = AF0BD167222D1796006FC80A /* ViewController.swift */; };
		AF0BD16B222D1796006FC80A /* Main.storyboard in Resources */ = {isa = PBXBuildFile; fileRef = AF0BD169222D1796006FC80A /* Main.storyboard */; };
		AF0BD170222D1798006FC80A /* LaunchScreen.storyboard in Resources */ = {isa = PBXBuildFile; fileRef = AF0BD16E222D1798006FC80A /* LaunchScreen.storyboard */; };
		AF0BD19C222E9A61006FC80A /* Assets.xcassets in Resources */ = {isa = PBXBuildFile; fileRef = AF0BD19B222E9A60006FC80A /* Assets.xcassets */; };
		AF0BD19F222F6F66006FC80A /* ScheduleTableViewController.swift in Sources */ = {isa = PBXBuildFile; fileRef = AF0BD19E222F6F66006FC80A /* ScheduleTableViewController.swift */; };
		AF1BC92922354AC200C0E2F1 /* trip1.jpeg in Resources */ = {isa = PBXBuildFile; fileRef = AF1BC92822354AC200C0E2F1 /* trip1.jpeg */; };
		AF1BC92B22354B7F00C0E2F1 /* trip2.jpg in Resources */ = {isa = PBXBuildFile; fileRef = AF1BC92A22354B7F00C0E2F1 /* trip2.jpg */; };
		AF1DA0BD224B460C00B80E09 /* Likes.swift in Sources */ = {isa = PBXBuildFile; fileRef = AF1DA0BC224B460C00B80E09 /* Likes.swift */; };
		AF1DA0BF224B46C700B80E09 /* TripPlansTableViewCell.swift in Sources */ = {isa = PBXBuildFile; fileRef = AF1DA0BE224B46C700B80E09 /* TripPlansTableViewCell.swift */; };
		AF1DA0C1224B470000B80E09 /* HomeTripTableViewController.swift in Sources */ = {isa = PBXBuildFile; fileRef = AF1DA0C0224B470000B80E09 /* HomeTripTableViewController.swift */; };
		AF1DA0C3224B4BBA00B80E09 /* HomeViewController.swift in Sources */ = {isa = PBXBuildFile; fileRef = AF1DA0C2224B4BBA00B80E09 /* HomeViewController.swift */; };
		AF28AA91223CEF910081DE1A /* AddFriendListTableViewController.swift in Sources */ = {isa = PBXBuildFile; fileRef = AF28AA90223CEF910081DE1A /* AddFriendListTableViewController.swift */; };
		AF28AA93223CEFCE0081DE1A /* AddFriendListTableViewCell.swift in Sources */ = {isa = PBXBuildFile; fileRef = AF28AA92223CEFCE0081DE1A /* AddFriendListTableViewCell.swift */; };
		AF28AA95223E0CD90081DE1A /* GroupAlbum.swift in Sources */ = {isa = PBXBuildFile; fileRef = AF28AA94223E0CD90081DE1A /* GroupAlbum.swift */; };
		AF2C7652223243670008F84A /* HomeStoryboard.storyboard in Resources */ = {isa = PBXBuildFile; fileRef = AF2C7651223243670008F84A /* HomeStoryboard.storyboard */; };
		AF2C7654223243E10008F84A /* ScheduleStoryboard.storyboard in Resources */ = {isa = PBXBuildFile; fileRef = AF2C7653223243E10008F84A /* ScheduleStoryboard.storyboard */; };
		AF2C76562232443A0008F84A /* CameraStoryboard.storyboard in Resources */ = {isa = PBXBuildFile; fileRef = AF2C76552232443A0008F84A /* CameraStoryboard.storyboard */; };
		AF2C7658223244840008F84A /* FriendStoryboard.storyboard in Resources */ = {isa = PBXBuildFile; fileRef = AF2C7657223244840008F84A /* FriendStoryboard.storyboard */; };
		AF2C765C2232451A0008F84A /* PersonalStoryboard.storyboard in Resources */ = {isa = PBXBuildFile; fileRef = AF2C765B2232451A0008F84A /* PersonalStoryboard.storyboard */; };
		AF2E00E52232584C006B9A5A /* GroupAlbumCollectionViewController.swift in Sources */ = {isa = PBXBuildFile; fileRef = AF2E00E42232584C006B9A5A /* GroupAlbumCollectionViewController.swift */; };
		AF2E00E822326C72006B9A5A /* GroupAlbumCollectionViewCell.swift in Sources */ = {isa = PBXBuildFile; fileRef = AF2E00E722326C72006B9A5A /* GroupAlbumCollectionViewCell.swift */; };
		AF2E00EA2234FAFA006B9A5A /* ScheduleTableViewCell.swift in Sources */ = {isa = PBXBuildFile; fileRef = AF2E00E92234FAFA006B9A5A /* ScheduleTableViewCell.swift */; };
		AF2E00EE2234FF6B006B9A5A /* Trip.swift in Sources */ = {isa = PBXBuildFile; fileRef = AF2E00ED2234FF6B006B9A5A /* Trip.swift */; };
		AF2E1770224C9A6E0073466E /* PhotoUploadViewController.swift in Sources */ = {isa = PBXBuildFile; fileRef = AF2E176F224C9A6E0073466E /* PhotoUploadViewController.swift */; };
		AF2E41A02237558400558AAF /* CreateTripViewController.swift in Sources */ = {isa = PBXBuildFile; fileRef = AF2E419F2237558400558AAF /* CreateTripViewController.swift */; };
		AF3C2108225DD4F100990354 /* ny.png in Resources */ = {isa = PBXBuildFile; fileRef = AF3C2107225DD4F100990354 /* ny.png */; };
		AF47E67E223B8B50007AD656 /* NewsTableViewCell.swift in Sources */ = {isa = PBXBuildFile; fileRef = AF47E67D223B8B50007AD656 /* NewsTableViewCell.swift */; };
		AF47E680223B8B92007AD656 /* HomeNewsTableViewController.swift in Sources */ = {isa = PBXBuildFile; fileRef = AF47E67F223B8B92007AD656 /* HomeNewsTableViewController.swift */; };
		AF47E682223B8BA8007AD656 /* News.swift in Sources */ = {isa = PBXBuildFile; fileRef = AF47E681223B8BA8007AD656 /* News.swift */; };
		AF47E684223CCC77007AD656 /* user2.png in Resources */ = {isa = PBXBuildFile; fileRef = AF47E683223CCC77007AD656 /* user2.png */; };
		AF487F322259E8F200E74FB3 /* PlanViewController.swift in Sources */ = {isa = PBXBuildFile; fileRef = AF487F312259E8F200E74FB3 /* PlanViewController.swift */; };
		AF4E4C8E22422B1C00864DD1 /* TripTabViewController.swift in Sources */ = {isa = PBXBuildFile; fileRef = AF4E4C8D22422B1C00864DD1 /* TripTabViewController.swift */; };
		AF5A350D222FD613003838E8 /* user.png in Resources */ = {isa = PBXBuildFile; fileRef = AF5A350C222FD613003838E8 /* user.png */; };
		AF5A350F222FD649003838E8 /* sign.png in Resources */ = {isa = PBXBuildFile; fileRef = AF5A350E222FD649003838E8 /* sign.png */; };
		AF5A3511222FD672003838E8 /* new-york.jpg in Resources */ = {isa = PBXBuildFile; fileRef = AF5A3510222FD671003838E8 /* new-york.jpg */; };
		AF5A3513222FD67B003838E8 /* paristrip.jpeg in Resources */ = {isa = PBXBuildFile; fileRef = AF5A3512222FD67B003838E8 /* paristrip.jpeg */; };
		AF883E0B2239180200021940 /* Common.swift in Sources */ = {isa = PBXBuildFile; fileRef = AF883E0A2239180200021940 /* Common.swift */; };
		AF883E0E22393E7F00021940 /* Account.swift in Sources */ = {isa = PBXBuildFile; fileRef = AF883E0D22393E7F00021940 /* Account.swift */; };
		AF883E102239E1BA00021940 /* SignInViewController.swift in Sources */ = {isa = PBXBuildFile; fileRef = AF883E0F2239E1BA00021940 /* SignInViewController.swift */; };
		AF9F0EB22258813400DF17E5 /* ScheduleFriendsTableViewController.swift in Sources */ = {isa = PBXBuildFile; fileRef = AF9F0EB12258813400DF17E5 /* ScheduleFriendsTableViewController.swift */; };
		AFB1606A224E19B300F675E5 /* PersonalVC.swift in Sources */ = {isa = PBXBuildFile; fileRef = AFB16069224E19B300F675E5 /* PersonalVC.swift */; };
		AFB1606C224E19DF00F675E5 /* User.swift in Sources */ = {isa = PBXBuildFile; fileRef = AFB1606B224E19DF00F675E5 /* User.swift */; };
		AFB1606E224E1A4700F675E5 /* PersonalSettingVC.swift in Sources */ = {isa = PBXBuildFile; fileRef = AFB1606D224E1A4700F675E5 /* PersonalSettingVC.swift */; };
		AFB16073224E289100F675E5 /* PersonalNotifyVC.swift in Sources */ = {isa = PBXBuildFile; fileRef = AFB16072224E289100F675E5 /* PersonalNotifyVC.swift */; };
		AFB16076224E28E800F675E5 /* PersonalCollectVC.swift in Sources */ = {isa = PBXBuildFile; fileRef = AFB16075224E28E800F675E5 /* PersonalCollectVC.swift */; };
		AFB16079224E295300F675E5 /* ExchangeGoods.swift in Sources */ = {isa = PBXBuildFile; fileRef = AFB16078224E295300F675E5 /* ExchangeGoods.swift */; };
		AFB1607B224E298600F675E5 /* ExchangeTVCell.swift in Sources */ = {isa = PBXBuildFile; fileRef = AFB1607A224E298600F675E5 /* ExchangeTVCell.swift */; };
		AFB1607D224E29C100F675E5 /* PersonalExchangeVC.swift in Sources */ = {isa = PBXBuildFile; fileRef = AFB1607C224E29C100F675E5 /* PersonalExchangeVC.swift */; };
		AFB1607F224E29F100F675E5 /* PersonalQRcode.swift in Sources */ = {isa = PBXBuildFile; fileRef = AFB1607E224E29F100F675E5 /* PersonalQRcode.swift */; };
		AFB16082224E2A9700F675E5 /* PersonalRecordVC.swift in Sources */ = {isa = PBXBuildFile; fileRef = AFB16081224E2A9700F675E5 /* PersonalRecordVC.swift */; };
		AFB16084224E2ACD00F675E5 /* PersonalRecordCVCell.swift in Sources */ = {isa = PBXBuildFile; fileRef = AFB16083224E2ACD00F675E5 /* PersonalRecordCVCell.swift */; };
		AFDDF36622535AA300198321 /* paper.jpg in Resources */ = {isa = PBXBuildFile; fileRef = AFDDF36522535AA200198321 /* paper.jpg */; };
		AFDDF368225393E200198321 /* GroupMessageViewController.swift in Sources */ = {isa = PBXBuildFile; fileRef = AFDDF367225393E200198321 /* GroupMessageViewController.swift */; };
		AFDDF36A225395E500198321 /* ChatMessage.swift in Sources */ = {isa = PBXBuildFile; fileRef = AFDDF369225395E500198321 /* ChatMessage.swift */; };
		AFDDF36C225420EA00198321 /* GroupMessageTableViewCell.swift in Sources */ = {isa = PBXBuildFile; fileRef = AFDDF36B225420EA00198321 /* GroupMessageTableViewCell.swift */; };
		AFE8DBC12250C43F005F585A /* SegmentGroupTableViewController.swift in Sources */ = {isa = PBXBuildFile; fileRef = AFE8DBC02250C43F005F585A /* SegmentGroupTableViewController.swift */; };
		AFE8DBC32251B83D005F585A /* CreateTripFriends.swift in Sources */ = {isa = PBXBuildFile; fileRef = AFE8DBC22251B83D005F585A /* CreateTripFriends.swift */; };
		AFF81AB12260B9E500598AC4 /* noimage.png in Resources */ = {isa = PBXBuildFile; fileRef = AFF81AB02260B9E500598AC4 /* noimage.png */; };
		AFFAC23F2247965F00386107 /* TripPlanFriend.swift in Sources */ = {isa = PBXBuildFile; fileRef = AFFAC23E2247965F00386107 /* TripPlanFriend.swift */; };
		D43635F922534A7400052CE2 /* Message.swift in Sources */ = {isa = PBXBuildFile; fileRef = D43635F822534A7400052CE2 /* Message.swift */; };
		D43635FD2254A95600052CE2 /* LeftChatTableViewCell.swift in Sources */ = {isa = PBXBuildFile; fileRef = D43635FC2254A95600052CE2 /* LeftChatTableViewCell.swift */; };
		D43635FF2254A96A00052CE2 /* RightChatTableViewCell.swift in Sources */ = {isa = PBXBuildFile; fileRef = D43635FE2254A96A00052CE2 /* RightChatTableViewCell.swift */; };
		D4363603225ADECE00052CE2 /* ChatViewController.swift in Sources */ = {isa = PBXBuildFile; fileRef = D4363602225ADECE00052CE2 /* ChatViewController.swift */; };
		D4363605225B109F00052CE2 /* AddFriendViewController.swift in Sources */ = {isa = PBXBuildFile; fileRef = D4363604225B109F00052CE2 /* AddFriendViewController.swift */; };
		D4363608225B334E00052CE2 /* NotifyTableViewCell.swift in Sources */ = {isa = PBXBuildFile; fileRef = D4363607225B334E00052CE2 /* NotifyTableViewCell.swift */; };
		D4440D9C224B9C9500E83240 /* NewsCommentViewController.swift in Sources */ = {isa = PBXBuildFile; fileRef = D4440D9B224B9C9500E83240 /* NewsCommentViewController.swift */; };
		D4A7739C224E8D1300C3867C /* NewsCommentTableViewCell.swift in Sources */ = {isa = PBXBuildFile; fileRef = D4A7739B224E8D1300C3867C /* NewsCommentTableViewCell.swift */; };
		D4A7739E224E8D3D00C3867C /* Comment.swift in Sources */ = {isa = PBXBuildFile; fileRef = D4A7739D224E8D3D00C3867C /* Comment.swift */; };
		D4A773A82250F6A500C3867C /* HomeNewsPersonalViewController.swift in Sources */ = {isa = PBXBuildFile; fileRef = D4A773A72250F6A500C3867C /* HomeNewsPersonalViewController.swift */; };
		D4A773AC2250FAB400C3867C /* PersonalPictureCollectionViewCell.swift in Sources */ = {isa = PBXBuildFile; fileRef = D4A773AB2250FAB400C3867C /* PersonalPictureCollectionViewCell.swift */; };
		D4A773AE2250FE2200C3867C /* PersonalPicture.swift in Sources */ = {isa = PBXBuildFile; fileRef = D4A773AD2250FE2200C3867C /* PersonalPicture.swift */; };
		D4A773B32252079D00C3867C /* FriendViewController.swift in Sources */ = {isa = PBXBuildFile; fileRef = D4A773B22252079D00C3867C /* FriendViewController.swift */; };
		D4A773B522520E8400C3867C /* FriendsViewController.swift in Sources */ = {isa = PBXBuildFile; fileRef = D4A773B422520E8400C3867C /* FriendsViewController.swift */; };
		D4A773B722520EA400C3867C /* FriendsMessageTableViewController.swift in Sources */ = {isa = PBXBuildFile; fileRef = D4A773B622520EA400C3867C /* FriendsMessageTableViewController.swift */; };
		D4A773B9225211D200C3867C /* FriendShipListTableViewCell.swift in Sources */ = {isa = PBXBuildFile; fileRef = D4A773B8225211D200C3867C /* FriendShipListTableViewCell.swift */; };
		D4A773BB225211F800C3867C /* FriendsMessageListTableViewCell.swift in Sources */ = {isa = PBXBuildFile; fileRef = D4A773BA225211F800C3867C /* FriendsMessageListTableViewCell.swift */; };
		D4A773C1225214A200C3867C /* Friends.swift in Sources */ = {isa = PBXBuildFile; fileRef = D4A773C0225214A200C3867C /* Friends.swift */; };
/* End PBXBuildFile section */

/* Begin PBXFileReference section */
		020777F422571232001BE30A /* FindLocationTableViewCell.swift */ = {isa = PBXFileReference; lastKnownFileType = sourcecode.swift; path = FindLocationTableViewCell.swift; sourceTree = "<group>"; };
		020777F62257126E001BE30A /* FindLocationTableViewController.swift */ = {isa = PBXFileReference; lastKnownFileType = sourcecode.swift; path = FindLocationTableViewController.swift; sourceTree = "<group>"; };
		022022EE225237C600856352 /* AccountCreateViewController.swift */ = {isa = PBXFileReference; lastKnownFileType = sourcecode.swift; path = AccountCreateViewController.swift; sourceTree = "<group>"; };
		022022F02252390900856352 /* facebook_logo.png */ = {isa = PBXFileReference; lastKnownFileType = image.png; path = facebook_logo.png; sourceTree = "<group>"; };
		022022F22252391200856352 /* 375.png */ = {isa = PBXFileReference; lastKnownFileType = image.png; path = 375.png; sourceTree = "<group>"; };
		02627CE6225E38D4006CC749 /* FindLocationViewController.swift */ = {isa = PBXFileReference; lastKnownFileType = sourcecode.swift; path = FindLocationViewController.swift; sourceTree = "<group>"; };
		027A64D32252F5A8002476D4 /* AppDelegate.swift */ = {isa = PBXFileReference; fileEncoding = 4; lastKnownFileType = sourcecode.swift; path = AppDelegate.swift; sourceTree = "<group>"; };
		027DFC1022327F1F00E9E097 /* MapViewController.swift */ = {isa = PBXFileReference; lastKnownFileType = sourcecode.swift; path = MapViewController.swift; sourceTree = "<group>"; };
		0283E996225B916E00F491B4 /* LandMarkImagesTableViewController.swift */ = {isa = PBXFileReference; lastKnownFileType = sourcecode.swift; path = LandMarkImagesTableViewController.swift; sourceTree = "<group>"; };
		0283E998225B918400F491B4 /* LandMarkImagesTableViewCell.swift */ = {isa = PBXFileReference; lastKnownFileType = sourcecode.swift; path = LandMarkImagesTableViewCell.swift; sourceTree = "<group>"; };
		0283E99A225B924700F491B4 /* LandMarkImagesCollectionViewCell.swift */ = {isa = PBXFileReference; lastKnownFileType = sourcecode.swift; path = LandMarkImagesCollectionViewCell.swift; sourceTree = "<group>"; };
		0283E99C225B93BF00F491B4 /* LandMarkDetailViewController.swift */ = {isa = PBXFileReference; lastKnownFileType = sourcecode.swift; path = LandMarkDetailViewController.swift; sourceTree = "<group>"; };
		028DDF34225441BF006DD7EB /* CameraViewController.swift */ = {isa = PBXFileReference; lastKnownFileType = sourcecode.swift; path = CameraViewController.swift; sourceTree = "<group>"; };
		028DDF36225441DE006DD7EB /* CreateLocationViewController.swift */ = {isa = PBXFileReference; lastKnownFileType = sourcecode.swift; path = CreateLocationViewController.swift; sourceTree = "<group>"; };
		028DDF38225441FF006DD7EB /* NearLocationTableViewController.swift */ = {isa = PBXFileReference; lastKnownFileType = sourcecode.swift; path = NearLocationTableViewController.swift; sourceTree = "<group>"; };
		028DDF3A22544219006DD7EB /* NearLocationTableViewCell.swift */ = {isa = PBXFileReference; lastKnownFileType = sourcecode.swift; path = NearLocationTableViewCell.swift; sourceTree = "<group>"; };
		028DDF3C22544266006DD7EB /* CameraImage.swift */ = {isa = PBXFileReference; lastKnownFileType = sourcecode.swift; path = CameraImage.swift; sourceTree = "<group>"; };
		028DDF3E22544277006DD7EB /* LandMark.swift */ = {isa = PBXFileReference; lastKnownFileType = sourcecode.swift; path = LandMark.swift; sourceTree = "<group>"; };
		0783AF47225C6BE200677526 /* Record.swift */ = {isa = PBXFileReference; lastKnownFileType = sourcecode.swift; path = Record.swift; sourceTree = "<group>"; };
		0783AF49225C6CA200677526 /* PersonalCollectionTVCell.swift */ = {isa = PBXFileReference; lastKnownFileType = sourcecode.swift; path = PersonalCollectionTVCell.swift; sourceTree = "<group>"; };
		0783AF4B225C6CC400677526 /* Collect.swift */ = {isa = PBXFileReference; lastKnownFileType = sourcecode.swift; path = Collect.swift; sourceTree = "<group>"; };
		46B091C17AA193086CA73D36 /* Pods_FootPrintIOS.framework */ = {isa = PBXFileReference; explicitFileType = wrapper.framework; includeInIndex = 0; path = Pods_FootPrintIOS.framework; sourceTree = BUILT_PRODUCTS_DIR; };
		AF0BD162222D1796006FC80A /* FootPrintIOS.app */ = {isa = PBXFileReference; explicitFileType = wrapper.application; includeInIndex = 0; path = FootPrintIOS.app; sourceTree = BUILT_PRODUCTS_DIR; };
		AF0BD165222D1796006FC80A /* AppDelegate.swift */ = {isa = PBXFileReference; lastKnownFileType = sourcecode.swift; path = AppDelegate.swift; sourceTree = "<group>"; };
		AF0BD167222D1796006FC80A /* ViewController.swift */ = {isa = PBXFileReference; lastKnownFileType = sourcecode.swift; path = ViewController.swift; sourceTree = "<group>"; };
		AF0BD16A222D1796006FC80A /* Base */ = {isa = PBXFileReference; lastKnownFileType = file.storyboard; name = Base; path = Base.lproj/Main.storyboard; sourceTree = "<group>"; };
		AF0BD16F222D1798006FC80A /* Base */ = {isa = PBXFileReference; lastKnownFileType = file.storyboard; name = Base; path = Base.lproj/LaunchScreen.storyboard; sourceTree = "<group>"; };
		AF0BD171222D1798006FC80A /* Info.plist */ = {isa = PBXFileReference; lastKnownFileType = text.plist.xml; path = Info.plist; sourceTree = "<group>"; };
		AF0BD19B222E9A60006FC80A /* Assets.xcassets */ = {isa = PBXFileReference; lastKnownFileType = folder.assetcatalog; path = Assets.xcassets; sourceTree = "<group>"; };
		AF0BD19E222F6F66006FC80A /* ScheduleTableViewController.swift */ = {isa = PBXFileReference; lastKnownFileType = sourcecode.swift; path = ScheduleTableViewController.swift; sourceTree = "<group>"; };
		AF1BC92822354AC200C0E2F1 /* trip1.jpeg */ = {isa = PBXFileReference; lastKnownFileType = image.jpeg; path = trip1.jpeg; sourceTree = "<group>"; };
		AF1BC92A22354B7F00C0E2F1 /* trip2.jpg */ = {isa = PBXFileReference; lastKnownFileType = image.jpeg; path = trip2.jpg; sourceTree = "<group>"; };
		AF1DA0BC224B460C00B80E09 /* Likes.swift */ = {isa = PBXFileReference; lastKnownFileType = sourcecode.swift; path = Likes.swift; sourceTree = "<group>"; };
		AF1DA0BE224B46C700B80E09 /* TripPlansTableViewCell.swift */ = {isa = PBXFileReference; lastKnownFileType = sourcecode.swift; path = TripPlansTableViewCell.swift; sourceTree = "<group>"; };
		AF1DA0C0224B470000B80E09 /* HomeTripTableViewController.swift */ = {isa = PBXFileReference; lastKnownFileType = sourcecode.swift; path = HomeTripTableViewController.swift; sourceTree = "<group>"; };
		AF1DA0C2224B4BBA00B80E09 /* HomeViewController.swift */ = {isa = PBXFileReference; lastKnownFileType = sourcecode.swift; path = HomeViewController.swift; sourceTree = "<group>"; };
		AF28AA90223CEF910081DE1A /* AddFriendListTableViewController.swift */ = {isa = PBXFileReference; lastKnownFileType = sourcecode.swift; path = AddFriendListTableViewController.swift; sourceTree = "<group>"; };
		AF28AA92223CEFCE0081DE1A /* AddFriendListTableViewCell.swift */ = {isa = PBXFileReference; lastKnownFileType = sourcecode.swift; name = AddFriendListTableViewCell.swift; path = ../AddFriendListTableViewCell.swift; sourceTree = "<group>"; };
		AF28AA94223E0CD90081DE1A /* GroupAlbum.swift */ = {isa = PBXFileReference; lastKnownFileType = sourcecode.swift; path = GroupAlbum.swift; sourceTree = "<group>"; };
		AF2C7651223243670008F84A /* HomeStoryboard.storyboard */ = {isa = PBXFileReference; lastKnownFileType = file.storyboard; path = HomeStoryboard.storyboard; sourceTree = "<group>"; };
		AF2C7653223243E10008F84A /* ScheduleStoryboard.storyboard */ = {isa = PBXFileReference; lastKnownFileType = file.storyboard; path = ScheduleStoryboard.storyboard; sourceTree = "<group>"; };
		AF2C76552232443A0008F84A /* CameraStoryboard.storyboard */ = {isa = PBXFileReference; lastKnownFileType = file.storyboard; path = CameraStoryboard.storyboard; sourceTree = "<group>"; };
		AF2C7657223244840008F84A /* FriendStoryboard.storyboard */ = {isa = PBXFileReference; lastKnownFileType = file.storyboard; path = FriendStoryboard.storyboard; sourceTree = "<group>"; };
		AF2C765B2232451A0008F84A /* PersonalStoryboard.storyboard */ = {isa = PBXFileReference; lastKnownFileType = file.storyboard; path = PersonalStoryboard.storyboard; sourceTree = "<group>"; };
		AF2E00E42232584C006B9A5A /* GroupAlbumCollectionViewController.swift */ = {isa = PBXFileReference; lastKnownFileType = sourcecode.swift; path = GroupAlbumCollectionViewController.swift; sourceTree = "<group>"; };
		AF2E00E722326C72006B9A5A /* GroupAlbumCollectionViewCell.swift */ = {isa = PBXFileReference; lastKnownFileType = sourcecode.swift; path = GroupAlbumCollectionViewCell.swift; sourceTree = "<group>"; };
		AF2E00E92234FAFA006B9A5A /* ScheduleTableViewCell.swift */ = {isa = PBXFileReference; lastKnownFileType = sourcecode.swift; path = ScheduleTableViewCell.swift; sourceTree = "<group>"; };
		AF2E00ED2234FF6B006B9A5A /* Trip.swift */ = {isa = PBXFileReference; lastKnownFileType = sourcecode.swift; path = Trip.swift; sourceTree = "<group>"; };
		AF2E176F224C9A6E0073466E /* PhotoUploadViewController.swift */ = {isa = PBXFileReference; lastKnownFileType = sourcecode.swift; path = PhotoUploadViewController.swift; sourceTree = "<group>"; };
		AF2E419F2237558400558AAF /* CreateTripViewController.swift */ = {isa = PBXFileReference; lastKnownFileType = sourcecode.swift; path = CreateTripViewController.swift; sourceTree = "<group>"; };
		AF3C2107225DD4F100990354 /* ny.png */ = {isa = PBXFileReference; lastKnownFileType = image.png; path = ny.png; sourceTree = "<group>"; };
		AF47E67D223B8B50007AD656 /* NewsTableViewCell.swift */ = {isa = PBXFileReference; fileEncoding = 4; lastKnownFileType = sourcecode.swift; path = NewsTableViewCell.swift; sourceTree = "<group>"; };
		AF47E67F223B8B92007AD656 /* HomeNewsTableViewController.swift */ = {isa = PBXFileReference; fileEncoding = 4; lastKnownFileType = sourcecode.swift; path = HomeNewsTableViewController.swift; sourceTree = "<group>"; };
		AF47E681223B8BA8007AD656 /* News.swift */ = {isa = PBXFileReference; fileEncoding = 4; lastKnownFileType = sourcecode.swift; path = News.swift; sourceTree = "<group>"; };
		AF47E683223CCC77007AD656 /* user2.png */ = {isa = PBXFileReference; lastKnownFileType = image.png; path = user2.png; sourceTree = "<group>"; };
		AF487F312259E8F200E74FB3 /* PlanViewController.swift */ = {isa = PBXFileReference; lastKnownFileType = sourcecode.swift; path = PlanViewController.swift; sourceTree = "<group>"; };
		AF4E4C8D22422B1C00864DD1 /* TripTabViewController.swift */ = {isa = PBXFileReference; lastKnownFileType = sourcecode.swift; path = TripTabViewController.swift; sourceTree = "<group>"; };
		AF5A350C222FD613003838E8 /* user.png */ = {isa = PBXFileReference; lastKnownFileType = image.png; path = user.png; sourceTree = "<group>"; };
		AF5A350E222FD649003838E8 /* sign.png */ = {isa = PBXFileReference; lastKnownFileType = image.png; path = sign.png; sourceTree = "<group>"; };
		AF5A3510222FD671003838E8 /* new-york.jpg */ = {isa = PBXFileReference; lastKnownFileType = image.jpeg; path = "new-york.jpg"; sourceTree = "<group>"; };
		AF5A3512222FD67B003838E8 /* paristrip.jpeg */ = {isa = PBXFileReference; lastKnownFileType = image.jpeg; path = paristrip.jpeg; sourceTree = "<group>"; };
		AF883E0A2239180200021940 /* Common.swift */ = {isa = PBXFileReference; lastKnownFileType = sourcecode.swift; path = Common.swift; sourceTree = "<group>"; };
		AF883E0D22393E7F00021940 /* Account.swift */ = {isa = PBXFileReference; lastKnownFileType = sourcecode.swift; path = Account.swift; sourceTree = "<group>"; };
		AF883E0F2239E1BA00021940 /* SignInViewController.swift */ = {isa = PBXFileReference; lastKnownFileType = sourcecode.swift; path = SignInViewController.swift; sourceTree = "<group>"; };
		AF9F0EB12258813400DF17E5 /* ScheduleFriendsTableViewController.swift */ = {isa = PBXFileReference; lastKnownFileType = sourcecode.swift; path = ScheduleFriendsTableViewController.swift; sourceTree = "<group>"; };
		AFB16069224E19B300F675E5 /* PersonalVC.swift */ = {isa = PBXFileReference; lastKnownFileType = sourcecode.swift; path = PersonalVC.swift; sourceTree = "<group>"; };
		AFB1606B224E19DF00F675E5 /* User.swift */ = {isa = PBXFileReference; lastKnownFileType = sourcecode.swift; path = User.swift; sourceTree = "<group>"; };
		AFB1606D224E1A4700F675E5 /* PersonalSettingVC.swift */ = {isa = PBXFileReference; lastKnownFileType = sourcecode.swift; path = PersonalSettingVC.swift; sourceTree = "<group>"; };
		AFB16072224E289100F675E5 /* PersonalNotifyVC.swift */ = {isa = PBXFileReference; lastKnownFileType = sourcecode.swift; path = PersonalNotifyVC.swift; sourceTree = "<group>"; };
		AFB16075224E28E800F675E5 /* PersonalCollectVC.swift */ = {isa = PBXFileReference; lastKnownFileType = sourcecode.swift; path = PersonalCollectVC.swift; sourceTree = "<group>"; };
		AFB16078224E295300F675E5 /* ExchangeGoods.swift */ = {isa = PBXFileReference; lastKnownFileType = sourcecode.swift; path = ExchangeGoods.swift; sourceTree = "<group>"; };
		AFB1607A224E298600F675E5 /* ExchangeTVCell.swift */ = {isa = PBXFileReference; lastKnownFileType = sourcecode.swift; path = ExchangeTVCell.swift; sourceTree = "<group>"; };
		AFB1607C224E29C100F675E5 /* PersonalExchangeVC.swift */ = {isa = PBXFileReference; lastKnownFileType = sourcecode.swift; path = PersonalExchangeVC.swift; sourceTree = "<group>"; };
		AFB1607E224E29F100F675E5 /* PersonalQRcode.swift */ = {isa = PBXFileReference; lastKnownFileType = sourcecode.swift; path = PersonalQRcode.swift; sourceTree = "<group>"; };
		AFB16081224E2A9700F675E5 /* PersonalRecordVC.swift */ = {isa = PBXFileReference; lastKnownFileType = sourcecode.swift; path = PersonalRecordVC.swift; sourceTree = "<group>"; };
		AFB16083224E2ACD00F675E5 /* PersonalRecordCVCell.swift */ = {isa = PBXFileReference; lastKnownFileType = sourcecode.swift; path = PersonalRecordCVCell.swift; sourceTree = "<group>"; };
		AFDDF36522535AA200198321 /* paper.jpg */ = {isa = PBXFileReference; lastKnownFileType = image.jpeg; path = paper.jpg; sourceTree = "<group>"; };
		AFDDF367225393E200198321 /* GroupMessageViewController.swift */ = {isa = PBXFileReference; lastKnownFileType = sourcecode.swift; path = GroupMessageViewController.swift; sourceTree = "<group>"; };
		AFDDF369225395E500198321 /* ChatMessage.swift */ = {isa = PBXFileReference; lastKnownFileType = sourcecode.swift; path = ChatMessage.swift; sourceTree = "<group>"; };
		AFDDF36B225420EA00198321 /* GroupMessageTableViewCell.swift */ = {isa = PBXFileReference; lastKnownFileType = sourcecode.swift; path = GroupMessageTableViewCell.swift; sourceTree = "<group>"; };
		AFE8DBC02250C43F005F585A /* SegmentGroupTableViewController.swift */ = {isa = PBXFileReference; lastKnownFileType = sourcecode.swift; name = SegmentGroupTableViewController.swift; path = ../SegmentGroupTableViewController.swift; sourceTree = "<group>"; };
		AFE8DBC22251B83D005F585A /* CreateTripFriends.swift */ = {isa = PBXFileReference; lastKnownFileType = sourcecode.swift; path = CreateTripFriends.swift; sourceTree = "<group>"; };
		AFF81AB02260B9E500598AC4 /* noimage.png */ = {isa = PBXFileReference; lastKnownFileType = image.png; path = noimage.png; sourceTree = "<group>"; };
		AFFAC23E2247965F00386107 /* TripPlanFriend.swift */ = {isa = PBXFileReference; lastKnownFileType = sourcecode.swift; path = TripPlanFriend.swift; sourceTree = "<group>"; };
		D40C7CE5223A7E5300812C3C /* HomeNewsTableViewController.swift */ = {isa = PBXFileReference; lastKnownFileType = sourcecode.swift; path = HomeNewsTableViewController.swift; sourceTree = "<group>"; };
		D40C7CE7223A8F5A00812C3C /* NewsTableViewCell.swift */ = {isa = PBXFileReference; lastKnownFileType = sourcecode.swift; path = NewsTableViewCell.swift; sourceTree = "<group>"; };
		D40C7CEA223A909C00812C3C /* News.swift */ = {isa = PBXFileReference; lastKnownFileType = sourcecode.swift; path = News.swift; sourceTree = "<group>"; };
		D43635F822534A7400052CE2 /* Message.swift */ = {isa = PBXFileReference; lastKnownFileType = sourcecode.swift; path = Message.swift; sourceTree = "<group>"; };
		D43635FC2254A95600052CE2 /* LeftChatTableViewCell.swift */ = {isa = PBXFileReference; lastKnownFileType = sourcecode.swift; path = LeftChatTableViewCell.swift; sourceTree = "<group>"; };
		D43635FE2254A96A00052CE2 /* RightChatTableViewCell.swift */ = {isa = PBXFileReference; lastKnownFileType = sourcecode.swift; path = RightChatTableViewCell.swift; sourceTree = "<group>"; };
		D4363602225ADECE00052CE2 /* ChatViewController.swift */ = {isa = PBXFileReference; lastKnownFileType = sourcecode.swift; path = ChatViewController.swift; sourceTree = "<group>"; };
		D4363604225B109F00052CE2 /* AddFriendViewController.swift */ = {isa = PBXFileReference; lastKnownFileType = sourcecode.swift; path = AddFriendViewController.swift; sourceTree = "<group>"; };
		D4363607225B334E00052CE2 /* NotifyTableViewCell.swift */ = {isa = PBXFileReference; lastKnownFileType = sourcecode.swift; path = NotifyTableViewCell.swift; sourceTree = "<group>"; };
		D4440D9B224B9C9500E83240 /* NewsCommentViewController.swift */ = {isa = PBXFileReference; lastKnownFileType = sourcecode.swift; path = NewsCommentViewController.swift; sourceTree = "<group>"; };
		D4A7739B224E8D1300C3867C /* NewsCommentTableViewCell.swift */ = {isa = PBXFileReference; lastKnownFileType = sourcecode.swift; path = NewsCommentTableViewCell.swift; sourceTree = "<group>"; };
		D4A7739D224E8D3D00C3867C /* Comment.swift */ = {isa = PBXFileReference; lastKnownFileType = sourcecode.swift; path = Comment.swift; sourceTree = "<group>"; };
		D4A773A72250F6A500C3867C /* HomeNewsPersonalViewController.swift */ = {isa = PBXFileReference; lastKnownFileType = sourcecode.swift; path = HomeNewsPersonalViewController.swift; sourceTree = "<group>"; };
		D4A773AB2250FAB400C3867C /* PersonalPictureCollectionViewCell.swift */ = {isa = PBXFileReference; lastKnownFileType = sourcecode.swift; path = PersonalPictureCollectionViewCell.swift; sourceTree = "<group>"; };
		D4A773AD2250FE2200C3867C /* PersonalPicture.swift */ = {isa = PBXFileReference; lastKnownFileType = sourcecode.swift; path = PersonalPicture.swift; sourceTree = "<group>"; };
		D4A773B22252079D00C3867C /* FriendViewController.swift */ = {isa = PBXFileReference; lastKnownFileType = sourcecode.swift; path = FriendViewController.swift; sourceTree = "<group>"; };
		D4A773B422520E8400C3867C /* FriendsViewController.swift */ = {isa = PBXFileReference; lastKnownFileType = sourcecode.swift; path = FriendsViewController.swift; sourceTree = "<group>"; };
		D4A773B622520EA400C3867C /* FriendsMessageTableViewController.swift */ = {isa = PBXFileReference; lastKnownFileType = sourcecode.swift; path = FriendsMessageTableViewController.swift; sourceTree = "<group>"; };
		D4A773B8225211D200C3867C /* FriendShipListTableViewCell.swift */ = {isa = PBXFileReference; lastKnownFileType = sourcecode.swift; path = FriendShipListTableViewCell.swift; sourceTree = "<group>"; };
		D4A773BA225211F800C3867C /* FriendsMessageListTableViewCell.swift */ = {isa = PBXFileReference; lastKnownFileType = sourcecode.swift; path = FriendsMessageListTableViewCell.swift; sourceTree = "<group>"; };
		D4A773C0225214A200C3867C /* Friends.swift */ = {isa = PBXFileReference; lastKnownFileType = sourcecode.swift; path = Friends.swift; sourceTree = "<group>"; };
		DF80EA61C6992E8299C98CC6 /* Pods-FootPrintIOS.debug.xcconfig */ = {isa = PBXFileReference; includeInIndex = 1; lastKnownFileType = text.xcconfig; name = "Pods-FootPrintIOS.debug.xcconfig"; path = "Target Support Files/Pods-FootPrintIOS/Pods-FootPrintIOS.debug.xcconfig"; sourceTree = "<group>"; };
		EB4D1211BFB6E43D4D846DEE /* Pods-FootPrintIOS.release.xcconfig */ = {isa = PBXFileReference; includeInIndex = 1; lastKnownFileType = text.xcconfig; name = "Pods-FootPrintIOS.release.xcconfig"; path = "Target Support Files/Pods-FootPrintIOS/Pods-FootPrintIOS.release.xcconfig"; sourceTree = "<group>"; };
/* End PBXFileReference section */

/* Begin PBXFrameworksBuildPhase section */
		AF0BD15F222D1796006FC80A /* Frameworks */ = {
			isa = PBXFrameworksBuildPhase;
			buildActionMask = 2147483647;
			files = (
				523BD923965BC87BE8613FBD /* Pods_FootPrintIOS.framework in Frameworks */,
			);
			runOnlyForDeploymentPostprocessing = 0;
		};
/* End PBXFrameworksBuildPhase section */

/* Begin PBXGroup section */
		027A64D722540E38002476D4 /* Camera */ = {
			isa = PBXGroup;
			children = (
				028DDF34225441BF006DD7EB /* CameraViewController.swift */,
				028DDF36225441DE006DD7EB /* CreateLocationViewController.swift */,
				028DDF38225441FF006DD7EB /* NearLocationTableViewController.swift */,
				028DDF3A22544219006DD7EB /* NearLocationTableViewCell.swift */,
				028DDF3C22544266006DD7EB /* CameraImage.swift */,
				020777F422571232001BE30A /* FindLocationTableViewCell.swift */,
				020777F62257126E001BE30A /* FindLocationTableViewController.swift */,
				02627CE6225E38D4006CC749 /* FindLocationViewController.swift */,
			);
			name = Camera;
			sourceTree = "<group>";
		};
		027A64D822540E7A002476D4 /* Map */ = {
			isa = PBXGroup;
			children = (
				027DFC1022327F1F00E9E097 /* MapViewController.swift */,
				028DDF3E22544277006DD7EB /* LandMark.swift */,
				0283E996225B916E00F491B4 /* LandMarkImagesTableViewController.swift */,
				0283E998225B918400F491B4 /* LandMarkImagesTableViewCell.swift */,
				0283E99A225B924700F491B4 /* LandMarkImagesCollectionViewCell.swift */,
				0283E99C225B93BF00F491B4 /* LandMarkDetailViewController.swift */,
			);
			name = Map;
			sourceTree = "<group>";
		};
		AF0BD159222D1796006FC80A = {
			isa = PBXGroup;
			children = (
				AF0BD164222D1796006FC80A /* FootPrintIOS */,
				AF0BD163222D1796006FC80A /* Products */,
				AF47E673223B89F1007AD656 /* Recovered References */,
				BB84655DCAF80A73D4598811 /* Pods */,
				C3AEC8B1784FEA8FDEEB90BF /* Frameworks */,
			);
			sourceTree = "<group>";
		};
		AF0BD163222D1796006FC80A /* Products */ = {
			isa = PBXGroup;
			children = (
				AF0BD162222D1796006FC80A /* FootPrintIOS.app */,
			);
			name = Products;
			sourceTree = "<group>";
		};
		AF0BD164222D1796006FC80A /* FootPrintIOS */ = {
			isa = PBXGroup;
			children = (
				D4A773B1225205EF00C3867C /* Friend */,
				AFB16068224E195300F675E5 /* Personal */,
				AF47E674223B8A9F007AD656 /* HomeNews */,
				AF883E09223917DC00021940 /* Common */,
				AF2E00E622326B69006B9A5A /* Schedule */,
				AF0BD1A3222F75FA006FC80A /* Images */,
				027A64D722540E38002476D4 /* Camera */,
				027A64D822540E7A002476D4 /* Map */,
				AF883E0C22393DED00021940 /* Login */,
				AF1DA0C2224B4BBA00B80E09 /* HomeViewController.swift */,
				027A64D32252F5A8002476D4 /* AppDelegate.swift */,
				AF0BD167222D1796006FC80A /* ViewController.swift */,
				AF0BD169222D1796006FC80A /* Main.storyboard */,
				AF2C765B2232451A0008F84A /* PersonalStoryboard.storyboard */,
				AF2C7657223244840008F84A /* FriendStoryboard.storyboard */,
				AF2C76552232443A0008F84A /* CameraStoryboard.storyboard */,
				AF2C7653223243E10008F84A /* ScheduleStoryboard.storyboard */,
				AF2C7651223243670008F84A /* HomeStoryboard.storyboard */,
				AF0BD19B222E9A60006FC80A /* Assets.xcassets */,
				AF0BD16E222D1798006FC80A /* LaunchScreen.storyboard */,
				AF0BD171222D1798006FC80A /* Info.plist */,
			);
			path = FootPrintIOS;
			sourceTree = "<group>";
		};
		AF0BD1A3222F75FA006FC80A /* Images */ = {
			isa = PBXGroup;
			children = (
				022022F02252390900856352 /* facebook_logo.png */,
				AF1BC92822354AC200C0E2F1 /* trip1.jpeg */,
				AF5A3512222FD67B003838E8 /* paristrip.jpeg */,
				022022F22252391200856352 /* 375.png */,
				AFF81AB02260B9E500598AC4 /* noimage.png */,
				AFDDF36522535AA200198321 /* paper.jpg */,
				AF1BC92A22354B7F00C0E2F1 /* trip2.jpg */,
				AF47E683223CCC77007AD656 /* user2.png */,
				AF3C2107225DD4F100990354 /* ny.png */,
				AF5A350E222FD649003838E8 /* sign.png */,
				AF5A3510222FD671003838E8 /* new-york.jpg */,
				AF5A350C222FD613003838E8 /* user.png */,
			);
			name = Images;
			sourceTree = "<group>";
		};
		AF2E00E622326B69006B9A5A /* Schedule */ = {
			isa = PBXGroup;
			children = (
				AF0BD165222D1796006FC80A /* AppDelegate.swift */,
				AFDDF36F225456CA00198321 /* GroupMessage */,
				AFDDF36E2254569400198321 /* GroupAlbum */,
				AF2E00ED2234FF6B006B9A5A /* Trip.swift */,
				AF2E00E92234FAFA006B9A5A /* ScheduleTableViewCell.swift */,
				AF0BD19E222F6F66006FC80A /* ScheduleTableViewController.swift */,
				AF2E419F2237558400558AAF /* CreateTripViewController.swift */,
				AF28AA90223CEF910081DE1A /* AddFriendListTableViewController.swift */,
				AFFAC23E2247965F00386107 /* TripPlanFriend.swift */,
				AFE8DBC22251B83D005F585A /* CreateTripFriends.swift */,
				AF28AA92223CEFCE0081DE1A /* AddFriendListTableViewCell.swift */,
				AF4E4C8D22422B1C00864DD1 /* TripTabViewController.swift */,
				AFE8DBC02250C43F005F585A /* SegmentGroupTableViewController.swift */,
				AF487F312259E8F200E74FB3 /* PlanViewController.swift */,
				AF9F0EB12258813400DF17E5 /* ScheduleFriendsTableViewController.swift */,
			);
			name = Schedule;
			sourceTree = "<group>";
		};
		AF47E673223B89F1007AD656 /* Recovered References */ = {
			isa = PBXGroup;
			children = (
				D40C7CE7223A8F5A00812C3C /* NewsTableViewCell.swift */,
				D40C7CEA223A909C00812C3C /* News.swift */,
				D40C7CE5223A7E5300812C3C /* HomeNewsTableViewController.swift */,
			);
			name = "Recovered References";
			sourceTree = "<group>";
		};
		AF47E674223B8A9F007AD656 /* HomeNews */ = {
			isa = PBXGroup;
			children = (
				D4A773B02252050900C3867C /* class */,
				D4A773AF225204D500C3867C /* cell */,
				AF47E67F223B8B92007AD656 /* HomeNewsTableViewController.swift */,
				D4A773A72250F6A500C3867C /* HomeNewsPersonalViewController.swift */,
				AF1DA0C0224B470000B80E09 /* HomeTripTableViewController.swift */,
				D4440D9B224B9C9500E83240 /* NewsCommentViewController.swift */,
				D4363604225B109F00052CE2 /* AddFriendViewController.swift */,
			);
			name = HomeNews;
			sourceTree = "<group>";
		};
		AF883E09223917DC00021940 /* Common */ = {
			isa = PBXGroup;
			children = (
				AF883E0A2239180200021940 /* Common.swift */,
			);
			name = Common;
			sourceTree = "<group>";
		};
		AF883E0C22393DED00021940 /* Login */ = {
			isa = PBXGroup;
			children = (
				AF883E0D22393E7F00021940 /* Account.swift */,
				AF883E0F2239E1BA00021940 /* SignInViewController.swift */,
				022022EE225237C600856352 /* AccountCreateViewController.swift */,
			);
			name = Login;
			sourceTree = "<group>";
		};
		AFB16068224E195300F675E5 /* Personal */ = {
			isa = PBXGroup;
			children = (
				AFB16080224E2A1E00F675E5 /* Record */,
				AFB16077224E292900F675E5 /* Exchange */,
				AFB16074224E28B100F675E5 /* Collect */,
				AFB16071224E282A00F675E5 /* Notify */,
				AFB16069224E19B300F675E5 /* PersonalVC.swift */,
				AFB1606B224E19DF00F675E5 /* User.swift */,
				AFB1606D224E1A4700F675E5 /* PersonalSettingVC.swift */,
			);
			name = Personal;
			sourceTree = "<group>";
		};
		AFB16071224E282A00F675E5 /* Notify */ = {
			isa = PBXGroup;
			children = (
				AFB16072224E289100F675E5 /* PersonalNotifyVC.swift */,
				D4363607225B334E00052CE2 /* NotifyTableViewCell.swift */,
			);
			name = Notify;
			sourceTree = "<group>";
		};
		AFB16074224E28B100F675E5 /* Collect */ = {
			isa = PBXGroup;
			children = (
				AFB16075224E28E800F675E5 /* PersonalCollectVC.swift */,
				0783AF49225C6CA200677526 /* PersonalCollectionTVCell.swift */,
				0783AF4B225C6CC400677526 /* Collect.swift */,
			);
			name = Collect;
			sourceTree = "<group>";
		};
		AFB16077224E292900F675E5 /* Exchange */ = {
			isa = PBXGroup;
			children = (
				AFB16078224E295300F675E5 /* ExchangeGoods.swift */,
				AFB1607A224E298600F675E5 /* ExchangeTVCell.swift */,
				AFB1607C224E29C100F675E5 /* PersonalExchangeVC.swift */,
				AFB1607E224E29F100F675E5 /* PersonalQRcode.swift */,
			);
			name = Exchange;
			sourceTree = "<group>";
		};
		AFB16080224E2A1E00F675E5 /* Record */ = {
			isa = PBXGroup;
			children = (
				AFB16081224E2A9700F675E5 /* PersonalRecordVC.swift */,
				0783AF47225C6BE200677526 /* Record.swift */,
				AFB16083224E2ACD00F675E5 /* PersonalRecordCVCell.swift */,
			);
			name = Record;
			sourceTree = "<group>";
		};
		AFDDF36E2254569400198321 /* GroupAlbum */ = {
			isa = PBXGroup;
			children = (
				AF2E176F224C9A6E0073466E /* PhotoUploadViewController.swift */,
				AF28AA94223E0CD90081DE1A /* GroupAlbum.swift */,
				AF2E00E722326C72006B9A5A /* GroupAlbumCollectionViewCell.swift */,
				AF2E00E42232584C006B9A5A /* GroupAlbumCollectionViewController.swift */,
			);
			name = GroupAlbum;
			sourceTree = "<group>";
		};
		AFDDF36F225456CA00198321 /* GroupMessage */ = {
			isa = PBXGroup;
			children = (
				AFDDF369225395E500198321 /* ChatMessage.swift */,
				AFDDF36B225420EA00198321 /* GroupMessageTableViewCell.swift */,
				AFDDF367225393E200198321 /* GroupMessageViewController.swift */,
			);
			name = GroupMessage;
			sourceTree = "<group>";
		};
		BB84655DCAF80A73D4598811 /* Pods */ = {
			isa = PBXGroup;
			children = (
				DF80EA61C6992E8299C98CC6 /* Pods-FootPrintIOS.debug.xcconfig */,
				EB4D1211BFB6E43D4D846DEE /* Pods-FootPrintIOS.release.xcconfig */,
			);
			path = Pods;
			sourceTree = "<group>";
		};
		C3AEC8B1784FEA8FDEEB90BF /* Frameworks */ = {
			isa = PBXGroup;
			children = (
				46B091C17AA193086CA73D36 /* Pods_FootPrintIOS.framework */,
			);
			name = Frameworks;
			sourceTree = "<group>";
		};
		D4A773AF225204D500C3867C /* cell */ = {
			isa = PBXGroup;
			children = (
				AF47E67D223B8B50007AD656 /* NewsTableViewCell.swift */,
				AF1DA0BE224B46C700B80E09 /* TripPlansTableViewCell.swift */,
				D4A7739B224E8D1300C3867C /* NewsCommentTableViewCell.swift */,
				D4A773AB2250FAB400C3867C /* PersonalPictureCollectionViewCell.swift */,
			);
			name = cell;
			sourceTree = "<group>";
		};
		D4A773B02252050900C3867C /* class */ = {
			isa = PBXGroup;
			children = (
				D4A7739D224E8D3D00C3867C /* Comment.swift */,
				AF1DA0BC224B460C00B80E09 /* Likes.swift */,
				AF47E681223B8BA8007AD656 /* News.swift */,
				D4A773AD2250FE2200C3867C /* PersonalPicture.swift */,
			);
			name = class;
			sourceTree = "<group>";
		};
		D4A773B1225205EF00C3867C /* Friend */ = {
			isa = PBXGroup;
			children = (
				D4A773BD2252123500C3867C /* Class */,
				D4A773BC2252120100C3867C /* Cell */,
				D4A773B22252079D00C3867C /* FriendViewController.swift */,
				D4A773B422520E8400C3867C /* FriendsViewController.swift */,
				D4A773B622520EA400C3867C /* FriendsMessageTableViewController.swift */,
				D4363602225ADECE00052CE2 /* ChatViewController.swift */,
			);
			name = Friend;
			sourceTree = "<group>";
		};
		D4A773BC2252120100C3867C /* Cell */ = {
			isa = PBXGroup;
			children = (
				D4A773B8225211D200C3867C /* FriendShipListTableViewCell.swift */,
				D4A773BA225211F800C3867C /* FriendsMessageListTableViewCell.swift */,
				D43635FC2254A95600052CE2 /* LeftChatTableViewCell.swift */,
				D43635FE2254A96A00052CE2 /* RightChatTableViewCell.swift */,
			);
			name = Cell;
			sourceTree = "<group>";
		};
		D4A773BD2252123500C3867C /* Class */ = {
			isa = PBXGroup;
			children = (
				D4A773C0225214A200C3867C /* Friends.swift */,
				D43635F822534A7400052CE2 /* Message.swift */,
			);
			name = Class;
			sourceTree = "<group>";
		};
/* End PBXGroup section */

/* Begin PBXNativeTarget section */
		AF0BD161222D1796006FC80A /* FootPrintIOS */ = {
			isa = PBXNativeTarget;
			buildConfigurationList = AF0BD174222D1798006FC80A /* Build configuration list for PBXNativeTarget "FootPrintIOS" */;
			buildPhases = (
				0FAED9454A52D022CCB69B13 /* [CP] Check Pods Manifest.lock */,
				AF0BD15E222D1796006FC80A /* Sources */,
				AF0BD15F222D1796006FC80A /* Frameworks */,
				AF0BD160222D1796006FC80A /* Resources */,
				B23C7A3E4A5EAF70A85D1927 /* [CP] Embed Pods Frameworks */,
			);
			buildRules = (
			);
			dependencies = (
			);
			name = FootPrintIOS;
			productName = FootPrintIOS;
			productReference = AF0BD162222D1796006FC80A /* FootPrintIOS.app */;
			productType = "com.apple.product-type.application";
		};
/* End PBXNativeTarget section */

/* Begin PBXProject section */
		AF0BD15A222D1796006FC80A /* Project object */ = {
			isa = PBXProject;
			attributes = {
				LastSwiftUpdateCheck = 1020;
				LastUpgradeCheck = 1020;
				ORGANIZATIONNAME = lulu;
				TargetAttributes = {
					AF0BD161222D1796006FC80A = {
						CreatedOnToolsVersion = 10.2;
					};
				};
			};
			buildConfigurationList = AF0BD15D222D1796006FC80A /* Build configuration list for PBXProject "FootPrintIOS" */;
			compatibilityVersion = "Xcode 9.3";
			developmentRegion = en;
			hasScannedForEncodings = 0;
			knownRegions = (
				en,
				Base,
			);
			mainGroup = AF0BD159222D1796006FC80A;
			productRefGroup = AF0BD163222D1796006FC80A /* Products */;
			projectDirPath = "";
			projectRoot = "";
			targets = (
				AF0BD161222D1796006FC80A /* FootPrintIOS */,
			);
		};
/* End PBXProject section */

/* Begin PBXResourcesBuildPhase section */
		AF0BD160222D1796006FC80A /* Resources */ = {
			isa = PBXResourcesBuildPhase;
			buildActionMask = 2147483647;
			files = (
				AF0BD170222D1798006FC80A /* LaunchScreen.storyboard in Resources */,
				AF5A3511222FD672003838E8 /* new-york.jpg in Resources */,
				AF1BC92922354AC200C0E2F1 /* trip1.jpeg in Resources */,
				AF47E684223CCC77007AD656 /* user2.png in Resources */,
				022022F32252391300856352 /* 375.png in Resources */,
				AF2C7652223243670008F84A /* HomeStoryboard.storyboard in Resources */,
				AF5A3513222FD67B003838E8 /* paristrip.jpeg in Resources */,
				AF3C2108225DD4F100990354 /* ny.png in Resources */,
				AF5A350D222FD613003838E8 /* user.png in Resources */,
				AF2C765C2232451A0008F84A /* PersonalStoryboard.storyboard in Resources */,
				AFF81AB12260B9E500598AC4 /* noimage.png in Resources */,
				AF1BC92B22354B7F00C0E2F1 /* trip2.jpg in Resources */,
				AF2C7654223243E10008F84A /* ScheduleStoryboard.storyboard in Resources */,
				AF2C7658223244840008F84A /* FriendStoryboard.storyboard in Resources */,
				AF5A350F222FD649003838E8 /* sign.png in Resources */,
				AF0BD19C222E9A61006FC80A /* Assets.xcassets in Resources */,
				AFDDF36622535AA300198321 /* paper.jpg in Resources */,
				AF2C76562232443A0008F84A /* CameraStoryboard.storyboard in Resources */,
				022022F12252390900856352 /* facebook_logo.png in Resources */,
				AF0BD16B222D1796006FC80A /* Main.storyboard in Resources */,
			);
			runOnlyForDeploymentPostprocessing = 0;
		};
/* End PBXResourcesBuildPhase section */

/* Begin PBXShellScriptBuildPhase section */
		0FAED9454A52D022CCB69B13 /* [CP] Check Pods Manifest.lock */ = {
			isa = PBXShellScriptBuildPhase;
			buildActionMask = 2147483647;
			files = (
			);
			inputFileListPaths = (
			);
			inputPaths = (
				"${PODS_PODFILE_DIR_PATH}/Podfile.lock",
				"${PODS_ROOT}/Manifest.lock",
			);
			name = "[CP] Check Pods Manifest.lock";
			outputFileListPaths = (
			);
			outputPaths = (
				"$(DERIVED_FILE_DIR)/Pods-FootPrintIOS-checkManifestLockResult.txt",
			);
			runOnlyForDeploymentPostprocessing = 0;
			shellPath = /bin/sh;
			shellScript = "diff \"${PODS_PODFILE_DIR_PATH}/Podfile.lock\" \"${PODS_ROOT}/Manifest.lock\" > /dev/null\nif [ $? != 0 ] ; then\n    # print error to STDERR\n    echo \"error: The sandbox is not in sync with the Podfile.lock. Run 'pod install' or update your CocoaPods installation.\" >&2\n    exit 1\nfi\n# This output is used by Xcode 'outputs' to avoid re-running this script phase.\necho \"SUCCESS\" > \"${SCRIPT_OUTPUT_FILE_0}\"\n";
			showEnvVarsInLog = 0;
		};
		B23C7A3E4A5EAF70A85D1927 /* [CP] Embed Pods Frameworks */ = {
			isa = PBXShellScriptBuildPhase;
			buildActionMask = 2147483647;
			files = (
			);
			inputFileListPaths = (
			);
			inputPaths = (
				"${PODS_ROOT}/Target Support Files/Pods-FootPrintIOS/Pods-FootPrintIOS-frameworks.sh",
				"${BUILT_PRODUCTS_DIR}/Bolts/Bolts.framework",
				"${BUILT_PRODUCTS_DIR}/FBSDKCoreKit/FBSDKCoreKit.framework",
				"${BUILT_PRODUCTS_DIR}/FBSDKLoginKit/FBSDKLoginKit.framework",
				"${BUILT_PRODUCTS_DIR}/Starscream/Starscream.framework",
			);
			name = "[CP] Embed Pods Frameworks";
			outputFileListPaths = (
			);
			outputPaths = (
				"${TARGET_BUILD_DIR}/${FRAMEWORKS_FOLDER_PATH}/Bolts.framework",
				"${TARGET_BUILD_DIR}/${FRAMEWORKS_FOLDER_PATH}/FBSDKCoreKit.framework",
				"${TARGET_BUILD_DIR}/${FRAMEWORKS_FOLDER_PATH}/FBSDKLoginKit.framework",
				"${TARGET_BUILD_DIR}/${FRAMEWORKS_FOLDER_PATH}/Starscream.framework",
			);
			runOnlyForDeploymentPostprocessing = 0;
			shellPath = /bin/sh;
			shellScript = "\"${PODS_ROOT}/Target Support Files/Pods-FootPrintIOS/Pods-FootPrintIOS-frameworks.sh\"\n";
			showEnvVarsInLog = 0;
		};
/* End PBXShellScriptBuildPhase section */

/* Begin PBXSourcesBuildPhase section */
		AF0BD15E222D1796006FC80A /* Sources */ = {
			isa = PBXSourcesBuildPhase;
			buildActionMask = 2147483647;
			files = (
				AF883E102239E1BA00021940 /* SignInViewController.swift in Sources */,
				AFB16076224E28E800F675E5 /* PersonalCollectVC.swift in Sources */,
				AF2E00E52232584C006B9A5A /* GroupAlbumCollectionViewController.swift in Sources */,
				AFB16073224E289100F675E5 /* PersonalNotifyVC.swift in Sources */,
				D4A773B32252079D00C3867C /* FriendViewController.swift in Sources */,
				AF0BD19F222F6F66006FC80A /* ScheduleTableViewController.swift in Sources */,
				028DDF3D22544266006DD7EB /* CameraImage.swift in Sources */,
				AFB16070224E1A8400F675E5 /* SelfieEditVC.swift in Sources */,
				02627CE7225E38D4006CC749 /* FindLocationViewController.swift in Sources */,
				D4A773A82250F6A500C3867C /* HomeNewsPersonalViewController.swift in Sources */,
				AF47E682223B8BA8007AD656 /* News.swift in Sources */,
				AF2E00EA2234FAFA006B9A5A /* ScheduleTableViewCell.swift in Sources */,
				028DDF35225441BF006DD7EB /* CameraViewController.swift in Sources */,
				AFB1607D224E29C100F675E5 /* PersonalExchangeVC.swift in Sources */,
				AFB1606E224E1A4700F675E5 /* PersonalSettingVC.swift in Sources */,
				AFB1607F224E29F100F675E5 /* PersonalQRcode.swift in Sources */,
				AF28AA91223CEF910081DE1A /* AddFriendListTableViewController.swift in Sources */,
				AF1DA0BF224B46C700B80E09 /* TripPlansTableViewCell.swift in Sources */,
				AFB1607B224E298600F675E5 /* ExchangeTVCell.swift in Sources */,
				D4A773BB225211F800C3867C /* FriendsMessageListTableViewCell.swift in Sources */,
				D4A773B9225211D200C3867C /* FriendShipListTableViewCell.swift in Sources */,
				AFDDF36C225420EA00198321 /* GroupMessageTableViewCell.swift in Sources */,
				AFB1606C224E19DF00F675E5 /* User.swift in Sources */,
				AF2E41A02237558400558AAF /* CreateTripViewController.swift in Sources */,
				D43635F922534A7400052CE2 /* Message.swift in Sources */,
				0783AF4C225C6CC400677526 /* Collect.swift in Sources */,
				AF28AA95223E0CD90081DE1A /* GroupAlbum.swift in Sources */,
				AFB1606A224E19B300F675E5 /* PersonalVC.swift in Sources */,
				AF1DA0C3224B4BBA00B80E09 /* HomeViewController.swift in Sources */,
				AF883E0B2239180200021940 /* Common.swift in Sources */,
				AF883E0E22393E7F00021940 /* Account.swift in Sources */,
				0283E99D225B93BF00F491B4 /* LandMarkDetailViewController.swift in Sources */,
				D4A773B722520EA400C3867C /* FriendsMessageTableViewController.swift in Sources */,
				D4A773AE2250FE2200C3867C /* PersonalPicture.swift in Sources */,
				AF0BD168222D1796006FC80A /* ViewController.swift in Sources */,
				AF487F322259E8F200E74FB3 /* PlanViewController.swift in Sources */,
				D4440D9C224B9C9500E83240 /* NewsCommentViewController.swift in Sources */,
				AF2E00E822326C72006B9A5A /* GroupAlbumCollectionViewCell.swift in Sources */,
				AFB16082224E2A9700F675E5 /* PersonalRecordVC.swift in Sources */,
				AFDDF368225393E200198321 /* GroupMessageViewController.swift in Sources */,
				AF1DA0C1224B470000B80E09 /* HomeTripTableViewController.swift in Sources */,
				0783AF48225C6BE200677526 /* Record.swift in Sources */,
				020777F522571232001BE30A /* FindLocationTableViewCell.swift in Sources */,
				0283E99B225B924700F491B4 /* LandMarkImagesCollectionViewCell.swift in Sources */,
				AF2E1770224C9A6E0073466E /* PhotoUploadViewController.swift in Sources */,
				AF28AA93223CEFCE0081DE1A /* AddFriendListTableViewCell.swift in Sources */,
				D4A773B522520E8400C3867C /* FriendsViewController.swift in Sources */,
				AFFAC23F2247965F00386107 /* TripPlanFriend.swift in Sources */,
				D4A7739E224E8D3D00C3867C /* Comment.swift in Sources */,
				AF2E00EE2234FF6B006B9A5A /* Trip.swift in Sources */,
				020777F72257126E001BE30A /* FindLocationTableViewController.swift in Sources */,
				028DDF3B22544219006DD7EB /* NearLocationTableViewCell.swift in Sources */,
				AFE8DBC12250C43F005F585A /* SegmentGroupTableViewController.swift in Sources */,
				AF1DA0BD224B460C00B80E09 /* Likes.swift in Sources */,
				D4A7739C224E8D1300C3867C /* NewsCommentTableViewCell.swift in Sources */,
				D4363605225B109F00052CE2 /* AddFriendViewController.swift in Sources */,
				022022EF225237C600856352 /* AccountCreateViewController.swift in Sources */,
				0283E999225B918400F491B4 /* LandMarkImagesTableViewCell.swift in Sources */,
				AFB16084224E2ACD00F675E5 /* PersonalRecordCVCell.swift in Sources */,
				028DDF37225441DE006DD7EB /* CreateLocationViewController.swift in Sources */,
				D43635FF2254A96A00052CE2 /* RightChatTableViewCell.swift in Sources */,
				D4A773C1225214A200C3867C /* Friends.swift in Sources */,
				AFDDF36A225395E500198321 /* ChatMessage.swift in Sources */,
				D4A773AC2250FAB400C3867C /* PersonalPictureCollectionViewCell.swift in Sources */,
				AF0BD166222D1796006FC80A /* AppDelegate.swift in Sources */,
				028DDF3F22544277006DD7EB /* LandMark.swift in Sources */,
				AF47E680223B8B92007AD656 /* HomeNewsTableViewController.swift in Sources */,
				027A64D42252F5A8002476D4 /* AppDelegate.swift in Sources */,
				AFE8DBC32251B83D005F585A /* CreateTripFriends.swift in Sources */,
				0283E997225B916E00F491B4 /* LandMarkImagesTableViewController.swift in Sources */,
				AFB16079224E295300F675E5 /* ExchangeGoods.swift in Sources */,
				D4363603225ADECE00052CE2 /* ChatViewController.swift in Sources */,
				AF4E4C8E22422B1C00864DD1 /* TripTabViewController.swift in Sources */,
				027DFC1122327F1F00E9E097 /* MapViewController.swift in Sources */,
				D4363608225B334E00052CE2 /* NotifyTableViewCell.swift in Sources */,
				0783AF4A225C6CA200677526 /* PersonalCollectionTVCell.swift in Sources */,
				028DDF39225441FF006DD7EB /* NearLocationTableViewController.swift in Sources */,
				AF47E67E223B8B50007AD656 /* NewsTableViewCell.swift in Sources */,
				AF9F0EB22258813400DF17E5 /* ScheduleFriendsTableViewController.swift in Sources */,
				D43635FD2254A95600052CE2 /* LeftChatTableViewCell.swift in Sources */,
			);
			runOnlyForDeploymentPostprocessing = 0;
		};
/* End PBXSourcesBuildPhase section */

/* Begin PBXVariantGroup section */
		AF0BD169222D1796006FC80A /* Main.storyboard */ = {
			isa = PBXVariantGroup;
			children = (
				AF0BD16A222D1796006FC80A /* Base */,
			);
			name = Main.storyboard;
			sourceTree = "<group>";
		};
		AF0BD16E222D1798006FC80A /* LaunchScreen.storyboard */ = {
			isa = PBXVariantGroup;
			children = (
				AF0BD16F222D1798006FC80A /* Base */,
			);
			name = LaunchScreen.storyboard;
			sourceTree = "<group>";
		};
/* End PBXVariantGroup section */

/* Begin XCBuildConfiguration section */
		AF0BD172222D1798006FC80A /* Debug */ = {
			isa = XCBuildConfiguration;
			buildSettings = {
				ALWAYS_SEARCH_USER_PATHS = NO;
				CLANG_ANALYZER_NONNULL = YES;
				CLANG_ANALYZER_NUMBER_OBJECT_CONVERSION = YES_AGGRESSIVE;
				CLANG_CXX_LANGUAGE_STANDARD = "gnu++14";
				CLANG_CXX_LIBRARY = "libc++";
				CLANG_ENABLE_MODULES = YES;
				CLANG_ENABLE_OBJC_ARC = YES;
				CLANG_ENABLE_OBJC_WEAK = YES;
				CLANG_WARN_BLOCK_CAPTURE_AUTORELEASING = YES;
				CLANG_WARN_BOOL_CONVERSION = YES;
				CLANG_WARN_COMMA = YES;
				CLANG_WARN_CONSTANT_CONVERSION = YES;
				CLANG_WARN_DEPRECATED_OBJC_IMPLEMENTATIONS = YES;
				CLANG_WARN_DIRECT_OBJC_ISA_USAGE = YES_ERROR;
				CLANG_WARN_DOCUMENTATION_COMMENTS = YES;
				CLANG_WARN_EMPTY_BODY = YES;
				CLANG_WARN_ENUM_CONVERSION = YES;
				CLANG_WARN_INFINITE_RECURSION = YES;
				CLANG_WARN_INT_CONVERSION = YES;
				CLANG_WARN_NON_LITERAL_NULL_CONVERSION = YES;
				CLANG_WARN_OBJC_IMPLICIT_RETAIN_SELF = YES;
				CLANG_WARN_OBJC_LITERAL_CONVERSION = YES;
				CLANG_WARN_OBJC_ROOT_CLASS = YES_ERROR;
				CLANG_WARN_RANGE_LOOP_ANALYSIS = YES;
				CLANG_WARN_STRICT_PROTOTYPES = YES;
				CLANG_WARN_SUSPICIOUS_MOVE = YES;
				CLANG_WARN_UNGUARDED_AVAILABILITY = YES_AGGRESSIVE;
				CLANG_WARN_UNREACHABLE_CODE = YES;
				CLANG_WARN__DUPLICATE_METHOD_MATCH = YES;
				CODE_SIGN_IDENTITY = "iPhone Developer";
				COPY_PHASE_STRIP = NO;
				DEBUG_INFORMATION_FORMAT = dwarf;
				ENABLE_STRICT_OBJC_MSGSEND = YES;
				ENABLE_TESTABILITY = YES;
				GCC_C_LANGUAGE_STANDARD = gnu11;
				GCC_DYNAMIC_NO_PIC = NO;
				GCC_NO_COMMON_BLOCKS = YES;
				GCC_OPTIMIZATION_LEVEL = 0;
				GCC_PREPROCESSOR_DEFINITIONS = (
					"DEBUG=1",
					"$(inherited)",
				);
				GCC_WARN_64_TO_32_BIT_CONVERSION = YES;
				GCC_WARN_ABOUT_RETURN_TYPE = YES_ERROR;
				GCC_WARN_UNDECLARED_SELECTOR = YES;
				GCC_WARN_UNINITIALIZED_AUTOS = YES_AGGRESSIVE;
				GCC_WARN_UNUSED_FUNCTION = YES;
				GCC_WARN_UNUSED_VARIABLE = YES;
				IPHONEOS_DEPLOYMENT_TARGET = 12.2;
				MTL_ENABLE_DEBUG_INFO = INCLUDE_SOURCE;
				MTL_FAST_MATH = YES;
				ONLY_ACTIVE_ARCH = YES;
				SDKROOT = iphoneos;
				SWIFT_ACTIVE_COMPILATION_CONDITIONS = DEBUG;
				SWIFT_OPTIMIZATION_LEVEL = "-Onone";
			};
			name = Debug;
		};
		AF0BD173222D1798006FC80A /* Release */ = {
			isa = XCBuildConfiguration;
			buildSettings = {
				ALWAYS_SEARCH_USER_PATHS = NO;
				CLANG_ANALYZER_NONNULL = YES;
				CLANG_ANALYZER_NUMBER_OBJECT_CONVERSION = YES_AGGRESSIVE;
				CLANG_CXX_LANGUAGE_STANDARD = "gnu++14";
				CLANG_CXX_LIBRARY = "libc++";
				CLANG_ENABLE_MODULES = YES;
				CLANG_ENABLE_OBJC_ARC = YES;
				CLANG_ENABLE_OBJC_WEAK = YES;
				CLANG_WARN_BLOCK_CAPTURE_AUTORELEASING = YES;
				CLANG_WARN_BOOL_CONVERSION = YES;
				CLANG_WARN_COMMA = YES;
				CLANG_WARN_CONSTANT_CONVERSION = YES;
				CLANG_WARN_DEPRECATED_OBJC_IMPLEMENTATIONS = YES;
				CLANG_WARN_DIRECT_OBJC_ISA_USAGE = YES_ERROR;
				CLANG_WARN_DOCUMENTATION_COMMENTS = YES;
				CLANG_WARN_EMPTY_BODY = YES;
				CLANG_WARN_ENUM_CONVERSION = YES;
				CLANG_WARN_INFINITE_RECURSION = YES;
				CLANG_WARN_INT_CONVERSION = YES;
				CLANG_WARN_NON_LITERAL_NULL_CONVERSION = YES;
				CLANG_WARN_OBJC_IMPLICIT_RETAIN_SELF = YES;
				CLANG_WARN_OBJC_LITERAL_CONVERSION = YES;
				CLANG_WARN_OBJC_ROOT_CLASS = YES_ERROR;
				CLANG_WARN_RANGE_LOOP_ANALYSIS = YES;
				CLANG_WARN_STRICT_PROTOTYPES = YES;
				CLANG_WARN_SUSPICIOUS_MOVE = YES;
				CLANG_WARN_UNGUARDED_AVAILABILITY = YES_AGGRESSIVE;
				CLANG_WARN_UNREACHABLE_CODE = YES;
				CLANG_WARN__DUPLICATE_METHOD_MATCH = YES;
				CODE_SIGN_IDENTITY = "iPhone Developer";
				COPY_PHASE_STRIP = NO;
				DEBUG_INFORMATION_FORMAT = "dwarf-with-dsym";
				ENABLE_NS_ASSERTIONS = NO;
				ENABLE_STRICT_OBJC_MSGSEND = YES;
				GCC_C_LANGUAGE_STANDARD = gnu11;
				GCC_NO_COMMON_BLOCKS = YES;
				GCC_WARN_64_TO_32_BIT_CONVERSION = YES;
				GCC_WARN_ABOUT_RETURN_TYPE = YES_ERROR;
				GCC_WARN_UNDECLARED_SELECTOR = YES;
				GCC_WARN_UNINITIALIZED_AUTOS = YES_AGGRESSIVE;
				GCC_WARN_UNUSED_FUNCTION = YES;
				GCC_WARN_UNUSED_VARIABLE = YES;
				IPHONEOS_DEPLOYMENT_TARGET = 12.2;
				MTL_ENABLE_DEBUG_INFO = NO;
				MTL_FAST_MATH = YES;
				SDKROOT = iphoneos;
				SWIFT_COMPILATION_MODE = wholemodule;
				SWIFT_OPTIMIZATION_LEVEL = "-O";
				VALIDATE_PRODUCT = YES;
			};
			name = Release;
		};
		AF0BD175222D1798006FC80A /* Debug */ = {
			isa = XCBuildConfiguration;
			baseConfigurationReference = DF80EA61C6992E8299C98CC6 /* Pods-FootPrintIOS.debug.xcconfig */;
			buildSettings = {
				ASSETCATALOG_COMPILER_APPICON_NAME = AppIcon;
				CODE_SIGN_IDENTITY = "iPhone Developer";
				CODE_SIGN_STYLE = Automatic;
				DEVELOPMENT_TEAM = 4MHD7B3F6Y;
				INFOPLIST_FILE = FootPrintIOS/Info.plist;
				IPHONEOS_DEPLOYMENT_TARGET = 12.0;
				LD_RUNPATH_SEARCH_PATHS = (
					"$(inherited)",
					"@executable_path/Frameworks",
				);
				PRODUCT_BUNDLE_IDENTIFIER = com.lulu.FootPrintIOS;
				PRODUCT_NAME = "$(TARGET_NAME)";
				PROVISIONING_PROFILE_SPECIFIER = "";
				SWIFT_VERSION = 5.0;
				TARGETED_DEVICE_FAMILY = "1,2";
			};
			name = Debug;
		};
		AF0BD176222D1798006FC80A /* Release */ = {
			isa = XCBuildConfiguration;
			baseConfigurationReference = EB4D1211BFB6E43D4D846DEE /* Pods-FootPrintIOS.release.xcconfig */;
			buildSettings = {
				ASSETCATALOG_COMPILER_APPICON_NAME = AppIcon;
				CODE_SIGN_IDENTITY = "iPhone Developer";
				CODE_SIGN_STYLE = Automatic;
				DEVELOPMENT_TEAM = 4MHD7B3F6Y;
				INFOPLIST_FILE = FootPrintIOS/Info.plist;
				IPHONEOS_DEPLOYMENT_TARGET = 12.0;
				LD_RUNPATH_SEARCH_PATHS = (
					"$(inherited)",
					"@executable_path/Frameworks",
				);
				PRODUCT_BUNDLE_IDENTIFIER = com.lulu.FootPrintIOS;
				PRODUCT_NAME = "$(TARGET_NAME)";
				PROVISIONING_PROFILE_SPECIFIER = "";
				SWIFT_VERSION = 5.0;
				TARGETED_DEVICE_FAMILY = "1,2";
			};
			name = Release;
		};
/* End XCBuildConfiguration section */

/* Begin XCConfigurationList section */
		AF0BD15D222D1796006FC80A /* Build configuration list for PBXProject "FootPrintIOS" */ = {
			isa = XCConfigurationList;
			buildConfigurations = (
				AF0BD172222D1798006FC80A /* Debug */,
				AF0BD173222D1798006FC80A /* Release */,
			);
			defaultConfigurationIsVisible = 0;
			defaultConfigurationName = Release;
		};
		AF0BD174222D1798006FC80A /* Build configuration list for PBXNativeTarget "FootPrintIOS" */ = {
			isa = XCConfigurationList;
			buildConfigurations = (
				AF0BD175222D1798006FC80A /* Debug */,
				AF0BD176222D1798006FC80A /* Release */,
			);
			defaultConfigurationIsVisible = 0;
			defaultConfigurationName = Release;
		};
/* End XCConfigurationList section */
	};
	rootObject = AF0BD15A222D1796006FC80A /* Project object */;
}
